
Microsoft Visual Studio Solution File, Format Version 12.00
# Visual Studio Version 17
VisualStudioVersion = 17.0.32126.317
MinimumVisualStudioVersion = 10.0.40219.1
Project("{2150E333-8FDC-42A3-9474-1A3956D46DE8}") = "services", "services", "{D0DDA2D0-2000-44BE-A100-C22503B26A2B}"
EndProject
Project("{2150E333-8FDC-42A3-9474-1A3956D46DE8}") = "catalog", "catalog", "{0186C08F-8AC7-48A5-9FFC-AAC50941F398}"
EndProject
Project("{FAE04EC0-301F-11D3-BF4B-00C04F79EFBC}") = "Catalog.API", "services\catalog\Catalog.API\Catalog.API.csproj", "{F9761703-9C67-499C-8A16-192C5BA56EB4}"
EndProject
Project("{E53339B2-1760-4266-BCC7-CA923CBCF16C}") = "docker-compose", "docker-compose.dcproj", "{6CF5DB37-B0FA-4AEB-950E-2683E2EF7304}"
EndProject
Project("{2150E333-8FDC-42A3-9474-1A3956D46DE8}") = "basket", "basket", "{9D47ABFD-EC3F-41CC-AFAA-36E12EC23F73}"
EndProject
Project("{FAE04EC0-301F-11D3-BF4B-00C04F79EFBC}") = "Basket.API", "services\basket\Basket.API\Basket.API.csproj", "{0E8BF1EE-5FC5-4821-9F76-3C2E71F496B6}"
EndProject
Project("{2150E333-8FDC-42A3-9474-1A3956D46DE8}") = "discount", "discount", "{276ED2B8-F751-49A6-9533-ABEE21DED1DA}"
EndProject
Project("{FAE04EC0-301F-11D3-BF4B-00C04F79EFBC}") = "Discount.API", "services\discount\Discount.API\Discount.API.csproj", "{7F9A77FA-A1E7-40A5-B878-440ACCB32826}"
EndProject
Project("{FAE04EC0-301F-11D3-BF4B-00C04F79EFBC}") = "Discount.gRPC", "services\discount\Discount.gRPC\Discount.gRPC.csproj", "{D5C966F1-915E-401D-8B47-8E613C4BE262}"
EndProject
Project("{2150E333-8FDC-42A3-9474-1A3956D46DE8}") = "ordering", "ordering", "{48C59DD8-A25C-443B-AAEF-5CB336981717}"
EndProject
Project("{FAE04EC0-301F-11D3-BF4B-00C04F79EFBC}") = "Ordering.API", "services\ordering\Ordering.API\Ordering.API.csproj", "{AB470608-D6D0-495B-8F11-4AC9840A59BB}"
EndProject
Project("{FAE04EC0-301F-11D3-BF4B-00C04F79EFBC}") = "Ordering.Domain", "services\ordering\Ordering.Domain\Ordering.Domain.csproj", "{B95BAF11-CE65-4DB4-800B-A63400C58FF3}"
EndProject
Project("{FAE04EC0-301F-11D3-BF4B-00C04F79EFBC}") = "Ordering.Application", "services\ordering\Ordering.Application\Ordering.Application.csproj", "{886D1A0C-D757-44BB-9D58-4F8D47BBD637}"
EndProject
Project("{FAE04EC0-301F-11D3-BF4B-00C04F79EFBC}") = "Ordering.Infrastructure", "services\ordering\Ordering.Infrastructure\Ordering.Infrastructure.csproj", "{6E522D02-9EEB-431A-855A-34BA3526EDE3}"
EndProject
Project("{2150E333-8FDC-42A3-9474-1A3956D46DE8}") = "building-blocks", "building-blocks", "{D76ED97D-CA9F-4430-9CB2-6ED6505CA89A}"
EndProject
Project("{FAE04EC0-301F-11D3-BF4B-00C04F79EFBC}") = "EventBus.Messages", "building-blocks\EventBus.Messages\EventBus.Messages.csproj", "{816263A4-A0CE-4A52-BE7B-0A3CD0E45BE2}"
EndProject
Global
	GlobalSection(SolutionConfigurationPlatforms) = preSolution
		Debug|Any CPU = Debug|Any CPU
		Release|Any CPU = Release|Any CPU
	EndGlobalSection
	GlobalSection(ProjectConfigurationPlatforms) = postSolution
		{F9761703-9C67-499C-8A16-192C5BA56EB4}.Debug|Any CPU.ActiveCfg = Debug|Any CPU
		{F9761703-9C67-499C-8A16-192C5BA56EB4}.Debug|Any CPU.Build.0 = Debug|Any CPU
		{F9761703-9C67-499C-8A16-192C5BA56EB4}.Release|Any CPU.ActiveCfg = Release|Any CPU
		{F9761703-9C67-499C-8A16-192C5BA56EB4}.Release|Any CPU.Build.0 = Release|Any CPU
		{6CF5DB37-B0FA-4AEB-950E-2683E2EF7304}.Debug|Any CPU.ActiveCfg = Debug|Any CPU
		{6CF5DB37-B0FA-4AEB-950E-2683E2EF7304}.Debug|Any CPU.Build.0 = Debug|Any CPU
		{6CF5DB37-B0FA-4AEB-950E-2683E2EF7304}.Release|Any CPU.ActiveCfg = Release|Any CPU
		{6CF5DB37-B0FA-4AEB-950E-2683E2EF7304}.Release|Any CPU.Build.0 = Release|Any CPU
		{0E8BF1EE-5FC5-4821-9F76-3C2E71F496B6}.Debug|Any CPU.ActiveCfg = Debug|Any CPU
		{0E8BF1EE-5FC5-4821-9F76-3C2E71F496B6}.Debug|Any CPU.Build.0 = Debug|Any CPU
		{0E8BF1EE-5FC5-4821-9F76-3C2E71F496B6}.Release|Any CPU.ActiveCfg = Release|Any CPU
		{0E8BF1EE-5FC5-4821-9F76-3C2E71F496B6}.Release|Any CPU.Build.0 = Release|Any CPU
		{7F9A77FA-A1E7-40A5-B878-440ACCB32826}.Debug|Any CPU.ActiveCfg = Debug|Any CPU
		{7F9A77FA-A1E7-40A5-B878-440ACCB32826}.Debug|Any CPU.Build.0 = Debug|Any CPU
		{7F9A77FA-A1E7-40A5-B878-440ACCB32826}.Release|Any CPU.ActiveCfg = Release|Any CPU
		{7F9A77FA-A1E7-40A5-B878-440ACCB32826}.Release|Any CPU.Build.0 = Release|Any CPU
		{D5C966F1-915E-401D-8B47-8E613C4BE262}.Debug|Any CPU.ActiveCfg = Debug|Any CPU
		{D5C966F1-915E-401D-8B47-8E613C4BE262}.Debug|Any CPU.Build.0 = Debug|Any CPU
		{D5C966F1-915E-401D-8B47-8E613C4BE262}.Release|Any CPU.ActiveCfg = Release|Any CPU
		{D5C966F1-915E-401D-8B47-8E613C4BE262}.Release|Any CPU.Build.0 = Release|Any CPU
		{AB470608-D6D0-495B-8F11-4AC9840A59BB}.Debug|Any CPU.ActiveCfg = Debug|Any CPU
		{AB470608-D6D0-495B-8F11-4AC9840A59BB}.Debug|Any CPU.Build.0 = Debug|Any CPU
		{AB470608-D6D0-495B-8F11-4AC9840A59BB}.Release|Any CPU.ActiveCfg = Release|Any CPU
		{AB470608-D6D0-495B-8F11-4AC9840A59BB}.Release|Any CPU.Build.0 = Release|Any CPU
		{B95BAF11-CE65-4DB4-800B-A63400C58FF3}.Debug|Any CPU.ActiveCfg = Debug|Any CPU
		{B95BAF11-CE65-4DB4-800B-A63400C58FF3}.Debug|Any CPU.Build.0 = Debug|Any CPU
		{B95BAF11-CE65-4DB4-800B-A63400C58FF3}.Release|Any CPU.ActiveCfg = Release|Any CPU
		{B95BAF11-CE65-4DB4-800B-A63400C58FF3}.Release|Any CPU.Build.0 = Release|Any CPU
		{886D1A0C-D757-44BB-9D58-4F8D47BBD637}.Debug|Any CPU.ActiveCfg = Debug|Any CPU
		{886D1A0C-D757-44BB-9D58-4F8D47BBD637}.Debug|Any CPU.Build.0 = Debug|Any CPU
		{886D1A0C-D757-44BB-9D58-4F8D47BBD637}.Release|Any CPU.ActiveCfg = Release|Any CPU
		{886D1A0C-D757-44BB-9D58-4F8D47BBD637}.Release|Any CPU.Build.0 = Release|Any CPU
		{6E522D02-9EEB-431A-855A-34BA3526EDE3}.Debug|Any CPU.ActiveCfg = Debug|Any CPU
		{6E522D02-9EEB-431A-855A-34BA3526EDE3}.Debug|Any CPU.Build.0 = Debug|Any CPU
		{6E522D02-9EEB-431A-855A-34BA3526EDE3}.Release|Any CPU.ActiveCfg = Release|Any CPU
		{6E522D02-9EEB-431A-855A-34BA3526EDE3}.Release|Any CPU.Build.0 = Release|Any CPU
		{816263A4-A0CE-4A52-BE7B-0A3CD0E45BE2}.Debug|Any CPU.ActiveCfg = Debug|Any CPU
		{816263A4-A0CE-4A52-BE7B-0A3CD0E45BE2}.Debug|Any CPU.Build.0 = Debug|Any CPU
		{816263A4-A0CE-4A52-BE7B-0A3CD0E45BE2}.Release|Any CPU.ActiveCfg = Release|Any CPU
		{816263A4-A0CE-4A52-BE7B-0A3CD0E45BE2}.Release|Any CPU.Build.0 = Release|Any CPU
	EndGlobalSection
	GlobalSection(SolutionProperties) = preSolution
		HideSolutionNode = FALSE
	EndGlobalSection
	GlobalSection(NestedProjects) = preSolution
		{0186C08F-8AC7-48A5-9FFC-AAC50941F398} = {D0DDA2D0-2000-44BE-A100-C22503B26A2B}
		{F9761703-9C67-499C-8A16-192C5BA56EB4} = {0186C08F-8AC7-48A5-9FFC-AAC50941F398}
		{9D47ABFD-EC3F-41CC-AFAA-36E12EC23F73} = {D0DDA2D0-2000-44BE-A100-C22503B26A2B}
		{0E8BF1EE-5FC5-4821-9F76-3C2E71F496B6} = {9D47ABFD-EC3F-41CC-AFAA-36E12EC23F73}
		{276ED2B8-F751-49A6-9533-ABEE21DED1DA} = {D0DDA2D0-2000-44BE-A100-C22503B26A2B}
		{7F9A77FA-A1E7-40A5-B878-440ACCB32826} = {276ED2B8-F751-49A6-9533-ABEE21DED1DA}
		{D5C966F1-915E-401D-8B47-8E613C4BE262} = {276ED2B8-F751-49A6-9533-ABEE21DED1DA}
		{48C59DD8-A25C-443B-AAEF-5CB336981717} = {D0DDA2D0-2000-44BE-A100-C22503B26A2B}
		{AB470608-D6D0-495B-8F11-4AC9840A59BB} = {48C59DD8-A25C-443B-AAEF-5CB336981717}
		{B95BAF11-CE65-4DB4-800B-A63400C58FF3} = {48C59DD8-A25C-443B-AAEF-5CB336981717}
		{886D1A0C-D757-44BB-9D58-4F8D47BBD637} = {48C59DD8-A25C-443B-AAEF-5CB336981717}
		{6E522D02-9EEB-431A-855A-34BA3526EDE3} = {48C59DD8-A25C-443B-AAEF-5CB336981717}
		{816263A4-A0CE-4A52-BE7B-0A3CD0E45BE2} = {D76ED97D-CA9F-4430-9CB2-6ED6505CA89A}
	EndGlobalSection
	GlobalSection(ExtensibilityGlobals) = postSolution
		SolutionGuid = {90667FD6-F31E-4C73-8FC7-471E008DC8A8}
	EndGlobalSection
EndGlobal
