
Microsoft Visual Studio Solution File, Format Version 12.00
# Visual Studio Version 17
VisualStudioVersion = 17.0.32126.317
MinimumVisualStudioVersion = 10.0.40219.1
Project("{2150E333-8FDC-42A3-9474-1A3956D46DE8}") = "services", "services", "{D0DDA2D0-2000-44BE-A100-C22503B26A2B}"
EndProject
Project("{2150E333-8FDC-42A3-9474-1A3956D46DE8}") = "catalog", "catalog", "{0186C08F-8AC7-48A5-9FFC-AAC50941F398}"
EndProject
Project("{FAE04EC0-301F-11D3-BF4B-00C04F79EFBC}") = "Catalog.API", "services\catalog\Catalog.API\Catalog.API.csproj", "{F9761703-9C67-499C-8A16-192C5BA56EB4}"
EndProject
Project("{E53339B2-1760-4266-BCC7-CA923CBCF16C}") = "docker-compose", "docker-compose.dcproj", "{6CF5DB37-B0FA-4AEB-950E-2683E2EF7304}"
EndProject
Project("{2150E333-8FDC-42A3-9474-1A3956D46DE8}") = "basket", "basket", "{9D47ABFD-EC3F-41CC-AFAA-36E12EC23F73}"
EndProject
Project("{2150E333-8FDC-42A3-9474-1A3956D46DE8}") = "discount", "discount", "{276ED2B8-F751-49A6-9533-ABEE21DED1DA}"
EndProject
Project("{FAE04EC0-301F-11D3-BF4B-00C04F79EFBC}") = "Discount.API", "services\discount\Discount.API\Discount.API.csproj", "{7F9A77FA-A1E7-40A5-B878-440ACCB32826}"
EndProject
Project("{FAE04EC0-301F-11D3-BF4B-00C04F79EFBC}") = "Discount.gRPC", "services\discount\Discount.gRPC\Discount.gRPC.csproj", "{D5C966F1-915E-401D-8B47-8E613C4BE262}"
EndProject
Project("{2150E333-8FDC-42A3-9474-1A3956D46DE8}") = "ordering", "ordering", "{48C59DD8-A25C-443B-AAEF-5CB336981717}"
EndProject
Project("{FAE04EC0-301F-11D3-BF4B-00C04F79EFBC}") = "Ordering.API", "services\ordering\Ordering.API\Ordering.API.csproj", "{AB470608-D6D0-495B-8F11-4AC9840A59BB}"
EndProject
Project("{FAE04EC0-301F-11D3-BF4B-00C04F79EFBC}") = "Ordering.Domain", "services\ordering\Ordering.Domain\Ordering.Domain.csproj", "{B95BAF11-CE65-4DB4-800B-A63400C58FF3}"
EndProject
Project("{FAE04EC0-301F-11D3-BF4B-00C04F79EFBC}") = "Ordering.Application", "services\ordering\Ordering.Application\Ordering.Application.csproj", "{886D1A0C-D757-44BB-9D58-4F8D47BBD637}"
EndProject
Project("{FAE04EC0-301F-11D3-BF4B-00C04F79EFBC}") = "Ordering.Infrastructure", "services\ordering\Ordering.Infrastructure\Ordering.Infrastructure.csproj", "{6E522D02-9EEB-431A-855A-34BA3526EDE3}"
EndProject
Project("{2150E333-8FDC-42A3-9474-1A3956D46DE8}") = "building-blocks", "building-blocks", "{D76ED97D-CA9F-4430-9CB2-6ED6505CA89A}"
EndProject
Project("{2150E333-8FDC-42A3-9474-1A3956D46DE8}") = "api-gateways", "api-gateways", "{70EEF5AE-B974-457C-92F2-84E21B13CF24}"
EndProject
Project("{FAE04EC0-301F-11D3-BF4B-00C04F79EFBC}") = "Basket.API", "services\basket\Basket.API\Basket.API.csproj", "{EC7690C1-FD28-49F4-9603-683CD8520716}"
EndProject
Project("{FAE04EC0-301F-11D3-BF4B-00C04F79EFBC}") = "EventBus.Messages", "building-blocks\EventBus.Messages\EventBus.Messages.csproj", "{0860E2BD-3DF6-4AB4-9EF4-C6B739D40B34}"
EndProject
Project("{FAE04EC0-301F-11D3-BF4B-00C04F79EFBC}") = "Ocelot.ApiGw", "api-gateways\Ocelot.ApiGw\Ocelot.ApiGw.csproj", "{421F4EEA-EA8C-4116-A1C1-DCBB0644008B}"
EndProject
Project("{2150E333-8FDC-42A3-9474-1A3956D46DE8}") = "web-apps", "web-apps", "{0E3C0B8A-448D-4E8E-A364-FEEE5BEBACC4}"
EndProject
Project("{FAE04EC0-301F-11D3-BF4B-00C04F79EFBC}") = "Shopping.Aggregator", "api-gateways\Shopping.Aggregator\Shopping.Aggregator.csproj", "{21CD68AF-71A8-4290-A685-1CD53BF85C61}"
EndProject
Project("{FAE04EC0-301F-11D3-BF4B-00C04F79EFBC}") = "AspnetRunBasics", "web-apps\AspnetRunBasics\AspnetRunBasics.csproj", "{586DEBF0-BE2E-4E7F-A35E-9CE6869CD0A3}"
EndProject
Project("{2150E333-8FDC-42A3-9474-1A3956D46DE8}") = "auth", "auth", "{98E22EE6-3988-4569-AFEC-6B913C881E77}"
EndProject
Project("{FAE04EC0-301F-11D3-BF4B-00C04F79EFBC}") = "IdentityServer", "auth\IdentityServer\IdentityServer.csproj", "{EF98A020-B2DE-4651-B153-4518F1BC1760}"
EndProject
Global
	GlobalSection(SolutionConfigurationPlatforms) = preSolution
		Debug|Any CPU = Debug|Any CPU
		Release|Any CPU = Release|Any CPU
	EndGlobalSection
	GlobalSection(ProjectConfigurationPlatforms) = postSolution
		{F9761703-9C67-499C-8A16-192C5BA56EB4}.Debug|Any CPU.ActiveCfg = Debug|Any CPU
		{F9761703-9C67-499C-8A16-192C5BA56EB4}.Debug|Any CPU.Build.0 = Debug|Any CPU
		{F9761703-9C67-499C-8A16-192C5BA56EB4}.Release|Any CPU.ActiveCfg = Release|Any CPU
		{F9761703-9C67-499C-8A16-192C5BA56EB4}.Release|Any CPU.Build.0 = Release|Any CPU
		{6CF5DB37-B0FA-4AEB-950E-2683E2EF7304}.Debug|Any CPU.ActiveCfg = Debug|Any CPU
		{6CF5DB37-B0FA-4AEB-950E-2683E2EF7304}.Debug|Any CPU.Build.0 = Debug|Any CPU
		{6CF5DB37-B0FA-4AEB-950E-2683E2EF7304}.Release|Any CPU.ActiveCfg = Release|Any CPU
		{6CF5DB37-B0FA-4AEB-950E-2683E2EF7304}.Release|Any CPU.Build.0 = Release|Any CPU
		{7F9A77FA-A1E7-40A5-B878-440ACCB32826}.Debug|Any CPU.ActiveCfg = Debug|Any CPU
		{7F9A77FA-A1E7-40A5-B878-440ACCB32826}.Debug|Any CPU.Build.0 = Debug|Any CPU
		{7F9A77FA-A1E7-40A5-B878-440ACCB32826}.Release|Any CPU.ActiveCfg = Release|Any CPU
		{7F9A77FA-A1E7-40A5-B878-440ACCB32826}.Release|Any CPU.Build.0 = Release|Any CPU
		{D5C966F1-915E-401D-8B47-8E613C4BE262}.Debug|Any CPU.ActiveCfg = Debug|Any CPU
		{D5C966F1-915E-401D-8B47-8E613C4BE262}.Debug|Any CPU.Build.0 = Debug|Any CPU
		{D5C966F1-915E-401D-8B47-8E613C4BE262}.Release|Any CPU.ActiveCfg = Release|Any CPU
		{D5C966F1-915E-401D-8B47-8E613C4BE262}.Release|Any CPU.Build.0 = Release|Any CPU
		{AB470608-D6D0-495B-8F11-4AC9840A59BB}.Debug|Any CPU.ActiveCfg = Debug|Any CPU
		{AB470608-D6D0-495B-8F11-4AC9840A59BB}.Debug|Any CPU.Build.0 = Debug|Any CPU
		{AB470608-D6D0-495B-8F11-4AC9840A59BB}.Release|Any CPU.ActiveCfg = Release|Any CPU
		{AB470608-D6D0-495B-8F11-4AC9840A59BB}.Release|Any CPU.Build.0 = Release|Any CPU
		{B95BAF11-CE65-4DB4-800B-A63400C58FF3}.Debug|Any CPU.ActiveCfg = Debug|Any CPU
		{B95BAF11-CE65-4DB4-800B-A63400C58FF3}.Debug|Any CPU.Build.0 = Debug|Any CPU
		{B95BAF11-CE65-4DB4-800B-A63400C58FF3}.Release|Any CPU.ActiveCfg = Release|Any CPU
		{B95BAF11-CE65-4DB4-800B-A63400C58FF3}.Release|Any CPU.Build.0 = Release|Any CPU
		{886D1A0C-D757-44BB-9D58-4F8D47BBD637}.Debug|Any CPU.ActiveCfg = Debug|Any CPU
		{886D1A0C-D757-44BB-9D58-4F8D47BBD637}.Debug|Any CPU.Build.0 = Debug|Any CPU
		{886D1A0C-D757-44BB-9D58-4F8D47BBD637}.Release|Any CPU.ActiveCfg = Release|Any CPU
		{886D1A0C-D757-44BB-9D58-4F8D47BBD637}.Release|Any CPU.Build.0 = Release|Any CPU
		{6E522D02-9EEB-431A-855A-34BA3526EDE3}.Debug|Any CPU.ActiveCfg = Debug|Any CPU
		{6E522D02-9EEB-431A-855A-34BA3526EDE3}.Debug|Any CPU.Build.0 = Debug|Any CPU
		{6E522D02-9EEB-431A-855A-34BA3526EDE3}.Release|Any CPU.ActiveCfg = Release|Any CPU
		{6E522D02-9EEB-431A-855A-34BA3526EDE3}.Release|Any CPU.Build.0 = Release|Any CPU
		{EC7690C1-FD28-49F4-9603-683CD8520716}.Debug|Any CPU.ActiveCfg = Debug|Any CPU
		{EC7690C1-FD28-49F4-9603-683CD8520716}.Debug|Any CPU.Build.0 = Debug|Any CPU
		{EC7690C1-FD28-49F4-9603-683CD8520716}.Release|Any CPU.ActiveCfg = Release|Any CPU
		{EC7690C1-FD28-49F4-9603-683CD8520716}.Release|Any CPU.Build.0 = Release|Any CPU
		{0860E2BD-3DF6-4AB4-9EF4-C6B739D40B34}.Debug|Any CPU.ActiveCfg = Debug|Any CPU
		{0860E2BD-3DF6-4AB4-9EF4-C6B739D40B34}.Debug|Any CPU.Build.0 = Debug|Any CPU
		{0860E2BD-3DF6-4AB4-9EF4-C6B739D40B34}.Release|Any CPU.ActiveCfg = Release|Any CPU
		{0860E2BD-3DF6-4AB4-9EF4-C6B739D40B34}.Release|Any CPU.Build.0 = Release|Any CPU
		{421F4EEA-EA8C-4116-A1C1-DCBB0644008B}.Debug|Any CPU.ActiveCfg = Debug|Any CPU
		{421F4EEA-EA8C-4116-A1C1-DCBB0644008B}.Debug|Any CPU.Build.0 = Debug|Any CPU
		{421F4EEA-EA8C-4116-A1C1-DCBB0644008B}.Release|Any CPU.ActiveCfg = Release|Any CPU
		{421F4EEA-EA8C-4116-A1C1-DCBB0644008B}.Release|Any CPU.Build.0 = Release|Any CPU
		{21CD68AF-71A8-4290-A685-1CD53BF85C61}.Debug|Any CPU.ActiveCfg = Debug|Any CPU
		{21CD68AF-71A8-4290-A685-1CD53BF85C61}.Debug|Any CPU.Build.0 = Debug|Any CPU
		{21CD68AF-71A8-4290-A685-1CD53BF85C61}.Release|Any CPU.ActiveCfg = Release|Any CPU
		{21CD68AF-71A8-4290-A685-1CD53BF85C61}.Release|Any CPU.Build.0 = Release|Any CPU
		{586DEBF0-BE2E-4E7F-A35E-9CE6869CD0A3}.Debug|Any CPU.ActiveCfg = Debug|Any CPU
		{586DEBF0-BE2E-4E7F-A35E-9CE6869CD0A3}.Debug|Any CPU.Build.0 = Debug|Any CPU
		{586DEBF0-BE2E-4E7F-A35E-9CE6869CD0A3}.Release|Any CPU.ActiveCfg = Release|Any CPU
		{586DEBF0-BE2E-4E7F-A35E-9CE6869CD0A3}.Release|Any CPU.Build.0 = Release|Any CPU
		{EF98A020-B2DE-4651-B153-4518F1BC1760}.Debug|Any CPU.ActiveCfg = Debug|Any CPU
		{EF98A020-B2DE-4651-B153-4518F1BC1760}.Debug|Any CPU.Build.0 = Debug|Any CPU
		{EF98A020-B2DE-4651-B153-4518F1BC1760}.Release|Any CPU.ActiveCfg = Release|Any CPU
		{EF98A020-B2DE-4651-B153-4518F1BC1760}.Release|Any CPU.Build.0 = Release|Any CPU
	EndGlobalSection
	GlobalSection(SolutionProperties) = preSolution
		HideSolutionNode = FALSE
	EndGlobalSection
	GlobalSection(NestedProjects) = preSolution
		{0186C08F-8AC7-48A5-9FFC-AAC50941F398} = {D0DDA2D0-2000-44BE-A100-C22503B26A2B}
		{F9761703-9C67-499C-8A16-192C5BA56EB4} = {0186C08F-8AC7-48A5-9FFC-AAC50941F398}
		{9D47ABFD-EC3F-41CC-AFAA-36E12EC23F73} = {D0DDA2D0-2000-44BE-A100-C22503B26A2B}
		{276ED2B8-F751-49A6-9533-ABEE21DED1DA} = {D0DDA2D0-2000-44BE-A100-C22503B26A2B}
		{7F9A77FA-A1E7-40A5-B878-440ACCB32826} = {276ED2B8-F751-49A6-9533-ABEE21DED1DA}
		{D5C966F1-915E-401D-8B47-8E613C4BE262} = {276ED2B8-F751-49A6-9533-ABEE21DED1DA}
		{48C59DD8-A25C-443B-AAEF-5CB336981717} = {D0DDA2D0-2000-44BE-A100-C22503B26A2B}
		{AB470608-D6D0-495B-8F11-4AC9840A59BB} = {48C59DD8-A25C-443B-AAEF-5CB336981717}
		{B95BAF11-CE65-4DB4-800B-A63400C58FF3} = {48C59DD8-A25C-443B-AAEF-5CB336981717}
		{886D1A0C-D757-44BB-9D58-4F8D47BBD637} = {48C59DD8-A25C-443B-AAEF-5CB336981717}
		{6E522D02-9EEB-431A-855A-34BA3526EDE3} = {48C59DD8-A25C-443B-AAEF-5CB336981717}
		{EC7690C1-FD28-49F4-9603-683CD8520716} = {9D47ABFD-EC3F-41CC-AFAA-36E12EC23F73}
		{0860E2BD-3DF6-4AB4-9EF4-C6B739D40B34} = {D76ED97D-CA9F-4430-9CB2-6ED6505CA89A}
		{421F4EEA-EA8C-4116-A1C1-DCBB0644008B} = {70EEF5AE-B974-457C-92F2-84E21B13CF24}
		{21CD68AF-71A8-4290-A685-1CD53BF85C61} = {70EEF5AE-B974-457C-92F2-84E21B13CF24}
		{586DEBF0-BE2E-4E7F-A35E-9CE6869CD0A3} = {0E3C0B8A-448D-4E8E-A364-FEEE5BEBACC4}
		{EF98A020-B2DE-4651-B153-4518F1BC1760} = {98E22EE6-3988-4569-AFEC-6B913C881E77}
	EndGlobalSection
	GlobalSection(ExtensibilityGlobals) = postSolution
		SolutionGuid = {90667FD6-F31E-4C73-8FC7-471E008DC8A8}
	EndGlobalSection
EndGlobal
